
Microsoft Visual Studio Solution File, Format Version 12.00
# Visual Studio Version 16
VisualStudioVersion = 16.0.30717.126
MinimumVisualStudioVersion = 10.0.40219.1
Project("{FAE04EC0-301F-11D3-BF4B-00C04F79EFBC}") = "Retegan_Alexandru_Proiect_App_Web", "Retegan_Alexandru_Proiect_App_Web.csproj", "{AC71A22C-DEA0-4108-8B71-382F7932561D}"
EndProject
Global
	GlobalSection(SolutionConfigurationPlatforms) = preSolution
		Debug|Any CPU = Debug|Any CPU
		Release|Any CPU = Release|Any CPU
	EndGlobalSection
	GlobalSection(ProjectConfigurationPlatforms) = postSolution
		{AC71A22C-DEA0-4108-8B71-382F7932561D}.Debug|Any CPU.ActiveCfg = Debug|Any CPU
		{AC71A22C-DEA0-4108-8B71-382F7932561D}.Debug|Any CPU.Build.0 = Debug|Any CPU
		{AC71A22C-DEA0-4108-8B71-382F7932561D}.Release|Any CPU.ActiveCfg = Release|Any CPU
		{AC71A22C-DEA0-4108-8B71-382F7932561D}.Release|Any CPU.Build.0 = Release|Any CPU
	EndGlobalSection
	GlobalSection(SolutionProperties) = preSolution
		HideSolutionNode = FALSE
	EndGlobalSection
	GlobalSection(ExtensibilityGlobals) = postSolution
		SolutionGuid = {7EF742DE-A977-4704-B9AB-BF0F6C5EBE0B}
	EndGlobalSection
EndGlobal
